// !$*UTF8*$!
{
	archiveVersion = 1;
	classes = {
	};
	objectVersion = 56;
	objects = {

/* Begin PBXBuildFile section */
		A26F67192C18276B0094DE9F /* Theme.swift in Sources */ = {isa = PBXBuildFile; fileRef = A26F67182C18276B0094DE9F /* Theme.swift */; };
		A277883E2C1916EC001A65AD /* DailyScrum.swift in Sources */ = {isa = PBXBuildFile; fileRef = A277883D2C1916EC001A65AD /* DailyScrum.swift */; };
		A27788412C1920AC001A65AD /* CardView.swift in Sources */ = {isa = PBXBuildFile; fileRef = A27788402C1920AC001A65AD /* CardView.swift */; };
		A27788432C19281C001A65AD /* TrailingIconLabelStyle.swift in Sources */ = {isa = PBXBuildFile; fileRef = A27788422C19281C001A65AD /* TrailingIconLabelStyle.swift */; };
		A28ACFFB2C1681C6001C93EF /* ScrumdingerApp.swift in Sources */ = {isa = PBXBuildFile; fileRef = A28ACFFA2C1681C6001C93EF /* ScrumdingerApp.swift */; };
		A28ACFFD2C1681C6001C93EF /* ContentView.swift in Sources */ = {isa = PBXBuildFile; fileRef = A28ACFFC2C1681C6001C93EF /* ContentView.swift */; };
		A28ACFFF2C1681C6001C93EF /* Item.swift in Sources */ = {isa = PBXBuildFile; fileRef = A28ACFFE2C1681C6001C93EF /* Item.swift */; };
		A28AD0012C1681C7001C93EF /* Assets.xcassets in Resources */ = {isa = PBXBuildFile; fileRef = A28AD0002C1681C7001C93EF /* Assets.xcassets */; };
		A28AD0042C1681C7001C93EF /* Preview Assets.xcassets in Resources */ = {isa = PBXBuildFile; fileRef = A28AD0032C1681C7001C93EF /* Preview Assets.xcassets */; };
		A28AD00E2C1681C7001C93EF /* ScrumdingerTests.swift in Sources */ = {isa = PBXBuildFile; fileRef = A28AD00D2C1681C7001C93EF /* ScrumdingerTests.swift */; };
		A28AD0182C1681C7001C93EF /* ScrumdingerUITests.swift in Sources */ = {isa = PBXBuildFile; fileRef = A28AD0172C1681C7001C93EF /* ScrumdingerUITests.swift */; };
		A28AD01A2C1681C7001C93EF /* ScrumdingerUITestsLaunchTests.swift in Sources */ = {isa = PBXBuildFile; fileRef = A28AD0192C1681C7001C93EF /* ScrumdingerUITestsLaunchTests.swift */; };
/* End PBXBuildFile section */

/* Begin PBXContainerItemProxy section */
		A28AD00A2C1681C7001C93EF /* PBXContainerItemProxy */ = {
			isa = PBXContainerItemProxy;
			containerPortal = A28ACFEF2C1681C6001C93EF /* Project object */;
			proxyType = 1;
			remoteGlobalIDString = A28ACFF62C1681C6001C93EF;
			remoteInfo = Scrumdinger;
		};
		A28AD0142C1681C7001C93EF /* PBXContainerItemProxy */ = {
			isa = PBXContainerItemProxy;
			containerPortal = A28ACFEF2C1681C6001C93EF /* Project object */;
			proxyType = 1;
			remoteGlobalIDString = A28ACFF62C1681C6001C93EF;
			remoteInfo = Scrumdinger;
		};
/* End PBXContainerItemProxy section */

/* Begin PBXFileReference section */
		A26F67182C18276B0094DE9F /* Theme.swift */ = {isa = PBXFileReference; lastKnownFileType = sourcecode.swift; path = Theme.swift; sourceTree = "<group>"; };
		A277883D2C1916EC001A65AD /* DailyScrum.swift */ = {isa = PBXFileReference; lastKnownFileType = sourcecode.swift; path = DailyScrum.swift; sourceTree = "<group>"; };
		A27788402C1920AC001A65AD /* CardView.swift */ = {isa = PBXFileReference; lastKnownFileType = sourcecode.swift; path = CardView.swift; sourceTree = "<group>"; };
		A27788422C19281C001A65AD /* TrailingIconLabelStyle.swift */ = {isa = PBXFileReference; lastKnownFileType = sourcecode.swift; path = TrailingIconLabelStyle.swift; sourceTree = "<group>"; };
		A28ACFF72C1681C6001C93EF /* Scrumdinger.app */ = {isa = PBXFileReference; explicitFileType = wrapper.application; includeInIndex = 0; path = Scrumdinger.app; sourceTree = BUILT_PRODUCTS_DIR; };
		A28ACFFA2C1681C6001C93EF /* ScrumdingerApp.swift */ = {isa = PBXFileReference; lastKnownFileType = sourcecode.swift; path = ScrumdingerApp.swift; sourceTree = "<group>"; };
		A28ACFFC2C1681C6001C93EF /* ContentView.swift */ = {isa = PBXFileReference; lastKnownFileType = sourcecode.swift; path = ContentView.swift; sourceTree = "<group>"; };
		A28ACFFE2C1681C6001C93EF /* Item.swift */ = {isa = PBXFileReference; lastKnownFileType = sourcecode.swift; path = Item.swift; sourceTree = "<group>"; };
		A28AD0002C1681C7001C93EF /* Assets.xcassets */ = {isa = PBXFileReference; lastKnownFileType = folder.assetcatalog; path = Assets.xcassets; sourceTree = "<group>"; };
		A28AD0032C1681C7001C93EF /* Preview Assets.xcassets */ = {isa = PBXFileReference; lastKnownFileType = folder.assetcatalog; path = "Preview Assets.xcassets"; sourceTree = "<group>"; };
		A28AD0092C1681C7001C93EF /* ScrumdingerTests.xctest */ = {isa = PBXFileReference; explicitFileType = wrapper.cfbundle; includeInIndex = 0; path = ScrumdingerTests.xctest; sourceTree = BUILT_PRODUCTS_DIR; };
		A28AD00D2C1681C7001C93EF /* ScrumdingerTests.swift */ = {isa = PBXFileReference; lastKnownFileType = sourcecode.swift; path = ScrumdingerTests.swift; sourceTree = "<group>"; };
		A28AD0132C1681C7001C93EF /* ScrumdingerUITests.xctest */ = {isa = PBXFileReference; explicitFileType = wrapper.cfbundle; includeInIndex = 0; path = ScrumdingerUITests.xctest; sourceTree = BUILT_PRODUCTS_DIR; };
		A28AD0172C1681C7001C93EF /* ScrumdingerUITests.swift */ = {isa = PBXFileReference; lastKnownFileType = sourcecode.swift; path = ScrumdingerUITests.swift; sourceTree = "<group>"; };
		A28AD0192C1681C7001C93EF /* ScrumdingerUITestsLaunchTests.swift */ = {isa = PBXFileReference; lastKnownFileType = sourcecode.swift; path = ScrumdingerUITestsLaunchTests.swift; sourceTree = "<group>"; };
/* End PBXFileReference section */

/* Begin PBXFrameworksBuildPhase section */
		A28ACFF42C1681C6001C93EF /* Frameworks */ = {
			isa = PBXFrameworksBuildPhase;
			buildActionMask = 2147483647;
			files = (
			);
			runOnlyForDeploymentPostprocessing = 0;
		};
		A28AD0062C1681C7001C93EF /* Frameworks */ = {
			isa = PBXFrameworksBuildPhase;
			buildActionMask = 2147483647;
			files = (
			);
			runOnlyForDeploymentPostprocessing = 0;
		};
		A28AD0102C1681C7001C93EF /* Frameworks */ = {
			isa = PBXFrameworksBuildPhase;
			buildActionMask = 2147483647;
			files = (
			);
			runOnlyForDeploymentPostprocessing = 0;
		};
/* End PBXFrameworksBuildPhase section */

/* Begin PBXGroup section */
		A26F67172C18275B0094DE9F /* Models */ = {
			isa = PBXGroup;
			children = (
				A26F67182C18276B0094DE9F /* Theme.swift */,
				A277883D2C1916EC001A65AD /* DailyScrum.swift */,
			);
			path = Models;
			sourceTree = "<group>";
		};
		A277883F2C191D03001A65AD /* Views */ = {
			isa = PBXGroup;
			children = (
				A27788402C1920AC001A65AD /* CardView.swift */,
			);
			path = Views;
			sourceTree = "<group>";
		};
		A28ACFEE2C1681C6001C93EF = {
			isa = PBXGroup;
			children = (
				A28ACFF92C1681C6001C93EF /* Scrumdinger */,
				A28AD00C2C1681C7001C93EF /* ScrumdingerTests */,
				A28AD0162C1681C7001C93EF /* ScrumdingerUITests */,
				A28ACFF82C1681C6001C93EF /* Products */,
			);
			sourceTree = "<group>";
		};
		A28ACFF82C1681C6001C93EF /* Products */ = {
			isa = PBXGroup;
			children = (
				A28ACFF72C1681C6001C93EF /* Scrumdinger.app */,
				A28AD0092C1681C7001C93EF /* ScrumdingerTests.xctest */,
				A28AD0132C1681C7001C93EF /* ScrumdingerUITests.xctest */,
			);
			name = Products;
			sourceTree = "<group>";
		};
		A28ACFF92C1681C6001C93EF /* Scrumdinger */ = {
			isa = PBXGroup;
			children = (
				A277883F2C191D03001A65AD /* Views */,
				A26F67172C18275B0094DE9F /* Models */,
				A28ACFFA2C1681C6001C93EF /* ScrumdingerApp.swift */,
				A28ACFFC2C1681C6001C93EF /* ContentView.swift */,
				A28ACFFE2C1681C6001C93EF /* Item.swift */,
				A27788422C19281C001A65AD /* TrailingIconLabelStyle.swift */,
				A28AD0002C1681C7001C93EF /* Assets.xcassets */,
				A28AD0022C1681C7001C93EF /* Preview Content */,
			);
			path = Scrumdinger;
			sourceTree = "<group>";
		};
		A28AD0022C1681C7001C93EF /* Preview Content */ = {
			isa = PBXGroup;
			children = (
				A28AD0032C1681C7001C93EF /* Preview Assets.xcassets */,
			);
			path = "Preview Content";
			sourceTree = "<group>";
		};
		A28AD00C2C1681C7001C93EF /* ScrumdingerTests */ = {
			isa = PBXGroup;
			children = (
				A28AD00D2C1681C7001C93EF /* ScrumdingerTests.swift */,
			);
			path = ScrumdingerTests;
			sourceTree = "<group>";
		};
		A28AD0162C1681C7001C93EF /* ScrumdingerUITests */ = {
			isa = PBXGroup;
			children = (
				A28AD0172C1681C7001C93EF /* ScrumdingerUITests.swift */,
				A28AD0192C1681C7001C93EF /* ScrumdingerUITestsLaunchTests.swift */,
			);
			path = ScrumdingerUITests;
			sourceTree = "<group>";
		};
/* End PBXGroup section */

/* Begin PBXNativeTarget section */
		A28ACFF62C1681C6001C93EF /* Scrumdinger */ = {
			isa = PBXNativeTarget;
			buildConfigurationList = A28AD01D2C1681C7001C93EF /* Build configuration list for PBXNativeTarget "Scrumdinger" */;
			buildPhases = (
				A28ACFF32C1681C6001C93EF /* Sources */,
				A28ACFF42C1681C6001C93EF /* Frameworks */,
				A28ACFF52C1681C6001C93EF /* Resources */,
			);
			buildRules = (
			);
			dependencies = (
			);
			name = Scrumdinger;
			productName = Scrumdinger;
			productReference = A28ACFF72C1681C6001C93EF /* Scrumdinger.app */;
			productType = "com.apple.product-type.application";
		};
		A28AD0082C1681C7001C93EF /* ScrumdingerTests */ = {
			isa = PBXNativeTarget;
			buildConfigurationList = A28AD0202C1681C7001C93EF /* Build configuration list for PBXNativeTarget "ScrumdingerTests" */;
			buildPhases = (
				A28AD0052C1681C7001C93EF /* Sources */,
				A28AD0062C1681C7001C93EF /* Frameworks */,
				A28AD0072C1681C7001C93EF /* Resources */,
			);
			buildRules = (
			);
			dependencies = (
				A28AD00B2C1681C7001C93EF /* PBXTargetDependency */,
			);
			name = ScrumdingerTests;
			productName = ScrumdingerTests;
			productReference = A28AD0092C1681C7001C93EF /* ScrumdingerTests.xctest */;
			productType = "com.apple.product-type.bundle.unit-test";
		};
		A28AD0122C1681C7001C93EF /* ScrumdingerUITests */ = {
			isa = PBXNativeTarget;
			buildConfigurationList = A28AD0232C1681C7001C93EF /* Build configuration list for PBXNativeTarget "ScrumdingerUITests" */;
			buildPhases = (
				A28AD00F2C1681C7001C93EF /* Sources */,
				A28AD0102C1681C7001C93EF /* Frameworks */,
				A28AD0112C1681C7001C93EF /* Resources */,
			);
			buildRules = (
			);
			dependencies = (
				A28AD0152C1681C7001C93EF /* PBXTargetDependency */,
			);
			name = ScrumdingerUITests;
			productName = ScrumdingerUITests;
			productReference = A28AD0132C1681C7001C93EF /* ScrumdingerUITests.xctest */;
			productType = "com.apple.product-type.bundle.ui-testing";
		};
/* End PBXNativeTarget section */

/* Begin PBXProject section */
		A28ACFEF2C1681C6001C93EF /* Project object */ = {
			isa = PBXProject;
			attributes = {
				BuildIndependentTargetsInParallel = 1;
				LastSwiftUpdateCheck = 1540;
				LastUpgradeCheck = 1540;
				TargetAttributes = {
					A28ACFF62C1681C6001C93EF = {
						CreatedOnToolsVersion = 15.4;
					};
					A28AD0082C1681C7001C93EF = {
						CreatedOnToolsVersion = 15.4;
						TestTargetID = A28ACFF62C1681C6001C93EF;
					};
					A28AD0122C1681C7001C93EF = {
						CreatedOnToolsVersion = 15.4;
						TestTargetID = A28ACFF62C1681C6001C93EF;
					};
				};
			};
			buildConfigurationList = A28ACFF22C1681C6001C93EF /* Build configuration list for PBXProject "Scrumdinger" */;
			compatibilityVersion = "Xcode 14.0";
			developmentRegion = en;
			hasScannedForEncodings = 0;
			knownRegions = (
				en,
				Base,
			);
			mainGroup = A28ACFEE2C1681C6001C93EF;
			productRefGroup = A28ACFF82C1681C6001C93EF /* Products */;
			projectDirPath = "";
			projectRoot = "";
			targets = (
				A28ACFF62C1681C6001C93EF /* Scrumdinger */,
				A28AD0082C1681C7001C93EF /* ScrumdingerTests */,
				A28AD0122C1681C7001C93EF /* ScrumdingerUITests */,
			);
		};
/* End PBXProject section */

/* Begin PBXResourcesBuildPhase section */
		A28ACFF52C1681C6001C93EF /* Resources */ = {
			isa = PBXResourcesBuildPhase;
			buildActionMask = 2147483647;
			files = (
				A28AD0042C1681C7001C93EF /* Preview Assets.xcassets in Resources */,
				A28AD0012C1681C7001C93EF /* Assets.xcassets in Resources */,
			);
			runOnlyForDeploymentPostprocessing = 0;
		};
		A28AD0072C1681C7001C93EF /* Resources */ = {
			isa = PBXResourcesBuildPhase;
			buildActionMask = 2147483647;
			files = (
			);
			runOnlyForDeploymentPostprocessing = 0;
		};
		A28AD0112C1681C7001C93EF /* Resources */ = {
			isa = PBXResourcesBuildPhase;
			buildActionMask = 2147483647;
			files = (
			);
			runOnlyForDeploymentPostprocessing = 0;
		};
/* End PBXResourcesBuildPhase section */

/* Begin PBXSourcesBuildPhase section */
		A28ACFF32C1681C6001C93EF /* Sources */ = {
			isa = PBXSourcesBuildPhase;
			buildActionMask = 2147483647;
			files = (
				A277883E2C1916EC001A65AD /* DailyScrum.swift in Sources */,
				A28ACFFD2C1681C6001C93EF /* ContentView.swift in Sources */,
				A26F67192C18276B0094DE9F /* Theme.swift in Sources */,
				A28ACFFF2C1681C6001C93EF /* Item.swift in Sources */,
				A27788412C1920AC001A65AD /* CardView.swift in Sources */,
				A27788432C19281C001A65AD /* TrailingIconLabelStyle.swift in Sources */,
				A28ACFFB2C1681C6001C93EF /* ScrumdingerApp.swift in Sources */,
			);
			runOnlyForDeploymentPostprocessing = 0;
		};
		A28AD0052C1681C7001C93EF /* Sources */ = {
			isa = PBXSourcesBuildPhase;
			buildActionMask = 2147483647;
			files = (
				A28AD00E2C1681C7001C93EF /* ScrumdingerTests.swift in Sources */,
			);
			runOnlyForDeploymentPostprocessing = 0;
		};
		A28AD00F2C1681C7001C93EF /* Sources */ = {
			isa = PBXSourcesBuildPhase;
			buildActionMask = 2147483647;
			files = (
				A28AD01A2C1681C7001C93EF /* ScrumdingerUITestsLaunchTests.swift in Sources */,
				A28AD0182C1681C7001C93EF /* ScrumdingerUITests.swift in Sources */,
			);
			runOnlyForDeploymentPostprocessing = 0;
		};
/* End PBXSourcesBuildPhase section */

/* Begin PBXTargetDependency section */
		A28AD00B2C1681C7001C93EF /* PBXTargetDependency */ = {
			isa = PBXTargetDependency;
			target = A28ACFF62C1681C6001C93EF /* Scrumdinger */;
			targetProxy = A28AD00A2C1681C7001C93EF /* PBXContainerItemProxy */;
		};
		A28AD0152C1681C7001C93EF /* PBXTargetDependency */ = {
			isa = PBXTargetDependency;
			target = A28ACFF62C1681C6001C93EF /* Scrumdinger */;
			targetProxy = A28AD0142C1681C7001C93EF /* PBXContainerItemProxy */;
		};
/* End PBXTargetDependency section */

/* Begin XCBuildConfiguration section */
		A28AD01B2C1681C7001C93EF /* Debug */ = {
			isa = XCBuildConfiguration;
			buildSettings = {
				ALWAYS_SEARCH_USER_PATHS = NO;
				ASSETCATALOG_COMPILER_GENERATE_SWIFT_ASSET_SYMBOL_EXTENSIONS = YES;
				CLANG_ANALYZER_NONNULL = YES;
				CLANG_ANALYZER_NUMBER_OBJECT_CONVERSION = YES_AGGRESSIVE;
				CLANG_CXX_LANGUAGE_STANDARD = "gnu++20";
				CLANG_ENABLE_MODULES = YES;
				CLANG_ENABLE_OBJC_ARC = YES;
				CLANG_ENABLE_OBJC_WEAK = YES;
				CLANG_WARN_BLOCK_CAPTURE_AUTORELEASING = YES;
				CLANG_WARN_BOOL_CONVERSION = YES;
				CLANG_WARN_COMMA = YES;
				CLANG_WARN_CONSTANT_CONVERSION = YES;
				CLANG_WARN_DEPRECATED_OBJC_IMPLEMENTATIONS = YES;
				CLANG_WARN_DIRECT_OBJC_ISA_USAGE = YES_ERROR;
				CLANG_WARN_DOCUMENTATION_COMMENTS = YES;
				CLANG_WARN_EMPTY_BODY = YES;
				CLANG_WARN_ENUM_CONVERSION = YES;
				CLANG_WARN_INFINITE_RECURSION = YES;
				CLANG_WARN_INT_CONVERSION = YES;
				CLANG_WARN_NON_LITERAL_NULL_CONVERSION = YES;
				CLANG_WARN_OBJC_IMPLICIT_RETAIN_SELF = YES;
				CLANG_WARN_OBJC_LITERAL_CONVERSION = YES;
				CLANG_WARN_OBJC_ROOT_CLASS = YES_ERROR;
				CLANG_WARN_QUOTED_INCLUDE_IN_FRAMEWORK_HEADER = YES;
				CLANG_WARN_RANGE_LOOP_ANALYSIS = YES;
				CLANG_WARN_STRICT_PROTOTYPES = YES;
				CLANG_WARN_SUSPICIOUS_MOVE = YES;
				CLANG_WARN_UNGUARDED_AVAILABILITY = YES_AGGRESSIVE;
				CLANG_WARN_UNREACHABLE_CODE = YES;
				CLANG_WARN__DUPLICATE_METHOD_MATCH = YES;
				COPY_PHASE_STRIP = NO;
				DEBUG_INFORMATION_FORMAT = dwarf;
				ENABLE_STRICT_OBJC_MSGSEND = YES;
				ENABLE_TESTABILITY = YES;
				ENABLE_USER_SCRIPT_SANDBOXING = YES;
				GCC_C_LANGUAGE_STANDARD = gnu17;
				GCC_DYNAMIC_NO_PIC = NO;
				GCC_NO_COMMON_BLOCKS = YES;
				GCC_OPTIMIZATION_LEVEL = 0;
				GCC_PREPROCESSOR_DEFINITIONS = (
					"DEBUG=1",
					"$(inherited)",
				);
				GCC_WARN_64_TO_32_BIT_CONVERSION = YES;
				GCC_WARN_ABOUT_RETURN_TYPE = YES_ERROR;
				GCC_WARN_UNDECLARED_SELECTOR = YES;
				GCC_WARN_UNINITIALIZED_AUTOS = YES_AGGRESSIVE;
				GCC_WARN_UNUSED_FUNCTION = YES;
				GCC_WARN_UNUSED_VARIABLE = YES;
				IPHONEOS_DEPLOYMENT_TARGET = 17.5;
				LOCALIZATION_PREFERS_STRING_CATALOGS = YES;
				MTL_ENABLE_DEBUG_INFO = INCLUDE_SOURCE;
				MTL_FAST_MATH = YES;
				ONLY_ACTIVE_ARCH = YES;
				SDKROOT = iphoneos;
				SWIFT_ACTIVE_COMPILATION_CONDITIONS = "DEBUG $(inherited)";
				SWIFT_OPTIMIZATION_LEVEL = "-Onone";
			};
			name = Debug;
		};
		A28AD01C2C1681C7001C93EF /* Release */ = {
			isa = XCBuildConfiguration;
			buildSettings = {
				ALWAYS_SEARCH_USER_PATHS = NO;
				ASSETCATALOG_COMPILER_GENERATE_SWIFT_ASSET_SYMBOL_EXTENSIONS = YES;
				CLANG_ANALYZER_NONNULL = YES;
				CLANG_ANALYZER_NUMBER_OBJECT_CONVERSION = YES_AGGRESSIVE;
				CLANG_CXX_LANGUAGE_STANDARD = "gnu++20";
				CLANG_ENABLE_MODULES = YES;
				CLANG_ENABLE_OBJC_ARC = YES;
				CLANG_ENABLE_OBJC_WEAK = YES;
				CLANG_WARN_BLOCK_CAPTURE_AUTORELEASING = YES;
				CLANG_WARN_BOOL_CONVERSION = YES;
				CLANG_WARN_COMMA = YES;
				CLANG_WARN_CONSTANT_CONVERSION = YES;
				CLANG_WARN_DEPRECATED_OBJC_IMPLEMENTATIONS = YES;
				CLANG_WARN_DIRECT_OBJC_ISA_USAGE = YES_ERROR;
				CLANG_WARN_DOCUMENTATION_COMMENTS = YES;
				CLANG_WARN_EMPTY_BODY = YES;
				CLANG_WARN_ENUM_CONVERSION = YES;
				CLANG_WARN_INFINITE_RECURSION = YES;
				CLANG_WARN_INT_CONVERSION = YES;
				CLANG_WARN_NON_LITERAL_NULL_CONVERSION = YES;
				CLANG_WARN_OBJC_IMPLICIT_RETAIN_SELF = YES;
				CLANG_WARN_OBJC_LITERAL_CONVERSION = YES;
				CLANG_WARN_OBJC_ROOT_CLASS = YES_ERROR;
				CLANG_WARN_QUOTED_INCLUDE_IN_FRAMEWORK_HEADER = YES;
				CLANG_WARN_RANGE_LOOP_ANALYSIS = YES;
				CLANG_WARN_STRICT_PROTOTYPES = YES;
				CLANG_WARN_SUSPICIOUS_MOVE = YES;
				CLANG_WARN_UNGUARDED_AVAILABILITY = YES_AGGRESSIVE;
				CLANG_WARN_UNREACHABLE_CODE = YES;
				CLANG_WARN__DUPLICATE_METHOD_MATCH = YES;
				COPY_PHASE_STRIP = NO;
				DEBUG_INFORMATION_FORMAT = "dwarf-with-dsym";
				ENABLE_NS_ASSERTIONS = NO;
				ENABLE_STRICT_OBJC_MSGSEND = YES;
				ENABLE_USER_SCRIPT_SANDBOXING = YES;
				GCC_C_LANGUAGE_STANDARD = gnu17;
				GCC_NO_COMMON_BLOCKS = YES;
				GCC_WARN_64_TO_32_BIT_CONVERSION = YES;
				GCC_WARN_ABOUT_RETURN_TYPE = YES_ERROR;
				GCC_WARN_UNDECLARED_SELECTOR = YES;
				GCC_WARN_UNINITIALIZED_AUTOS = YES_AGGRESSIVE;
				GCC_WARN_UNUSED_FUNCTION = YES;
				GCC_WARN_UNUSED_VARIABLE = YES;
				IPHONEOS_DEPLOYMENT_TARGET = 17.5;
				LOCALIZATION_PREFERS_STRING_CATALOGS = YES;
				MTL_ENABLE_DEBUG_INFO = NO;
				MTL_FAST_MATH = YES;
				SDKROOT = iphoneos;
				SWIFT_COMPILATION_MODE = wholemodule;
				VALIDATE_PRODUCT = YES;
			};
			name = Release;
		};
		A28AD01E2C1681C7001C93EF /* Debug */ = {
			isa = XCBuildConfiguration;
			buildSettings = {
				ASSETCATALOG_COMPILER_APPICON_NAME = AppIcon;
				ASSETCATALOG_COMPILER_GLOBAL_ACCENT_COLOR_NAME = AccentColor;
				CODE_SIGN_STYLE = Automatic;
				CURRENT_PROJECT_VERSION = 1;
				DEVELOPMENT_ASSET_PATHS = "\"Scrumdinger/Preview Content\"";
				DEVELOPMENT_TEAM = ZHNLB28L5C;
				ENABLE_PREVIEWS = YES;
				GENERATE_INFOPLIST_FILE = YES;
				INFOPLIST_KEY_UIApplicationSceneManifest_Generation = YES;
				INFOPLIST_KEY_UIApplicationSupportsIndirectInputEvents = YES;
				INFOPLIST_KEY_UILaunchScreen_Generation = YES;
				INFOPLIST_KEY_UISupportedInterfaceOrientations_iPad = "UIInterfaceOrientationPortrait UIInterfaceOrientationPortraitUpsideDown UIInterfaceOrientationLandscapeLeft UIInterfaceOrientationLandscapeRight";
				INFOPLIST_KEY_UISupportedInterfaceOrientations_iPhone = "UIInterfaceOrientationPortrait UIInterfaceOrientationLandscapeLeft UIInterfaceOrientationLandscapeRight";
				LD_RUNPATH_SEARCH_PATHS = (
					"$(inherited)",
					"@executable_path/Frameworks",
				);
				MARKETING_VERSION = 1.0;
				PRODUCT_BUNDLE_IDENTIFIER = com.ericliu.Scrumdinger;
				PRODUCT_NAME = "$(TARGET_NAME)";
				SWIFT_EMIT_LOC_STRINGS = YES;
				SWIFT_VERSION = 5.0;
				TARGETED_DEVICE_FAMILY = "1,2";
			};
			name = Debug;
		};
		A28AD01F2C1681C7001C93EF /* Release */ = {
			isa = XCBuildConfiguration;
			buildSettings = {
				ASSETCATALOG_COMPILER_APPICON_NAME = AppIcon;
				ASSETCATALOG_COMPILER_GLOBAL_ACCENT_COLOR_NAME = AccentColor;
				CODE_SIGN_STYLE = Automatic;
				CURRENT_PROJECT_VERSION = 1;
				DEVELOPMENT_ASSET_PATHS = "\"Scrumdinger/Preview Content\"";
				DEVELOPMENT_TEAM = ZHNLB28L5C;
				ENABLE_PREVIEWS = YES;
				GENERATE_INFOPLIST_FILE = YES;
				INFOPLIST_KEY_UIApplicationSceneManifest_Generation = YES;
				INFOPLIST_KEY_UIApplicationSupportsIndirectInputEvents = YES;
				INFOPLIST_KEY_UILaunchScreen_Generation = YES;
				INFOPLIST_KEY_UISupportedInterfaceOrientations_iPad = "UIInterfaceOrientationPortrait UIInterfaceOrientationPortraitUpsideDown UIInterfaceOrientationLandscapeLeft UIInterfaceOrientationLandscapeRight";
				INFOPLIST_KEY_UISupportedInterfaceOrientations_iPhone = "UIInterfaceOrientationPortrait UIInterfaceOrientationLandscapeLeft UIInterfaceOrientationLandscapeRight";
				LD_RUNPATH_SEARCH_PATHS = (
					"$(inherited)",
					"@executable_path/Frameworks",
				);
				MARKETING_VERSION = 1.0;
				PRODUCT_BUNDLE_IDENTIFIER = com.ericliu.Scrumdinger;
				PRODUCT_NAME = "$(TARGET_NAME)";
				SWIFT_EMIT_LOC_STRINGS = YES;
				SWIFT_VERSION = 5.0;
				TARGETED_DEVICE_FAMILY = "1,2";
			};
			name = Release;
		};
		A28AD0212C1681C7001C93EF /* Debug */ = {
			isa = XCBuildConfiguration;
			buildSettings = {
				ALWAYS_EMBED_SWIFT_STANDARD_LIBRARIES = YES;
				BUNDLE_LOADER = "$(TEST_HOST)";
				CODE_SIGN_STYLE = Automatic;
				CURRENT_PROJECT_VERSION = 1;
				DEVELOPMENT_TEAM = ZHNLB28L5C;
				GENERATE_INFOPLIST_FILE = YES;
				IPHONEOS_DEPLOYMENT_TARGET = 17.5;
				MARKETING_VERSION = 1.0;
				PRODUCT_BUNDLE_IDENTIFIER = com.ericliu.ScrumdingerTests;
				PRODUCT_NAME = "$(TARGET_NAME)";
				SWIFT_EMIT_LOC_STRINGS = NO;
				SWIFT_VERSION = 5.0;
				TARGETED_DEVICE_FAMILY = "1,2";
				TEST_HOST = "$(BUILT_PRODUCTS_DIR)/Scrumdinger.app/$(BUNDLE_EXECUTABLE_FOLDER_PATH)/Scrumdinger";
			};
			name = Debug;
		};
		A28AD0222C1681C7001C93EF /* Release */ = {
			isa = XCBuildConfiguration;
			buildSettings = {
				ALWAYS_EMBED_SWIFT_STANDARD_LIBRARIES = YES;
				BUNDLE_LOADER = "$(TEST_HOST)";
				CODE_SIGN_STYLE = Automatic;
				CURRENT_PROJECT_VERSION = 1;
				DEVELOPMENT_TEAM = ZHNLB28L5C;
				GENERATE_INFOPLIST_FILE = YES;
				IPHONEOS_DEPLOYMENT_TARGET = 17.5;
				MARKETING_VERSION = 1.0;
				PRODUCT_BUNDLE_IDENTIFIER = com.ericliu.ScrumdingerTests;
				PRODUCT_NAME = "$(TARGET_NAME)";
				SWIFT_EMIT_LOC_STRINGS = NO;
				SWIFT_VERSION = 5.0;
				TARGETED_DEVICE_FAMILY = "1,2";
				TEST_HOST = "$(BUILT_PRODUCTS_DIR)/Scrumdinger.app/$(BUNDLE_EXECUTABLE_FOLDER_PATH)/Scrumdinger";
			};
			name = Release;
		};
		A28AD0242C1681C7001C93EF /* Debug */ = {
			isa = XCBuildConfiguration;
			buildSettings = {
				ALWAYS_EMBED_SWIFT_STANDARD_LIBRARIES = YES;
				CODE_SIGN_STYLE = Automatic;
				CURRENT_PROJECT_VERSION = 1;
				DEVELOPMENT_TEAM = ZHNLB28L5C;
				GENERATE_INFOPLIST_FILE = YES;
				MARKETING_VERSION = 1.0;
				PRODUCT_BUNDLE_IDENTIFIER = com.ericliu.ScrumdingerUITests;
				PRODUCT_NAME = "$(TARGET_NAME)";
				SWIFT_EMIT_LOC_STRINGS = NO;
				SWIFT_VERSION = 5.0;
				TARGETED_DEVICE_FAMILY = "1,2";
				TEST_TARGET_NAME = Scrumdinger;
			};
			name = Debug;
		};
		A28AD0252C1681C7001C93EF /* Release */ = {
			isa = XCBuildConfiguration;
			buildSettings = {
				ALWAYS_EMBED_SWIFT_STANDARD_LIBRARIES = YES;
				CODE_SIGN_STYLE = Automatic;
				CURRENT_PROJECT_VERSION = 1;
				DEVELOPMENT_TEAM = ZHNLB28L5C;
				GENERATE_INFOPLIST_FILE = YES;
				MARKETING_VERSION = 1.0;
				PRODUCT_BUNDLE_IDENTIFIER = com.ericliu.ScrumdingerUITests;
				PRODUCT_NAME = "$(TARGET_NAME)";
				SWIFT_EMIT_LOC_STRINGS = NO;
				SWIFT_VERSION = 5.0;
				TARGETED_DEVICE_FAMILY = "1,2";
				TEST_TARGET_NAME = Scrumdinger;
			};
			name = Release;
		};
/* End XCBuildConfiguration section */

/* Begin XCConfigurationList section */
		A28ACFF22C1681C6001C93EF /* Build configuration list for PBXProject "Scrumdinger" */ = {
			isa = XCConfigurationList;
			buildConfigurations = (
				A28AD01B2C1681C7001C93EF /* Debug */,
				A28AD01C2C1681C7001C93EF /* Release */,
			);
			defaultConfigurationIsVisible = 0;
			defaultConfigurationName = Release;
		};
		A28AD01D2C1681C7001C93EF /* Build configuration list for PBXNativeTarget "Scrumdinger" */ = {
			isa = XCConfigurationList;
			buildConfigurations = (
				A28AD01E2C1681C7001C93EF /* Debug */,
				A28AD01F2C1681C7001C93EF /* Release */,
			);
			defaultConfigurationIsVisible = 0;
			defaultConfigurationName = Release;
		};
		A28AD0202C1681C7001C93EF /* Build configuration list for PBXNativeTarget "ScrumdingerTests" */ = {
			isa = XCConfigurationList;
			buildConfigurations = (
				A28AD0212C1681C7001C93EF /* Debug */,
				A28AD0222C1681C7001C93EF /* Release */,
			);
			defaultConfigurationIsVisible = 0;
			defaultConfigurationName = Release;
		};
		A28AD0232C1681C7001C93EF /* Build configuration list for PBXNativeTarget "ScrumdingerUITests" */ = {
			isa = XCConfigurationList;
			buildConfigurations = (
				A28AD0242C1681C7001C93EF /* Debug */,
				A28AD0252C1681C7001C93EF /* Release */,
			);
			defaultConfigurationIsVisible = 0;
			defaultConfigurationName = Release;
		};
/* End XCConfigurationList section */
	};
	rootObject = A28ACFEF2C1681C6001C93EF /* Project object */;
}
